
Microsoft Visual Studio Solution File, Format Version 12.00
# Visual Studio Version 16
VisualStudioVersion = 16.0.31515.178
MinimumVisualStudioVersion = 10.0.40219.1
Project("{888888A0-9F3D-457C-B088-3A5042F75D52}") = "Strings-And-Dates", "Strings-And-Dates.pyproj", "{2BB86413-49D7-42E6-A547-B921F3143A86}"
EndProject
Global
	GlobalSection(SolutionConfigurationPlatforms) = preSolution
		Debug|Any CPU = Debug|Any CPU
		Release|Any CPU = Release|Any CPU
	EndGlobalSection
	GlobalSection(ProjectConfigurationPlatforms) = postSolution
		{2BB86413-49D7-42E6-A547-B921F3143A86}.Debug|Any CPU.ActiveCfg = Debug|Any CPU
		{2BB86413-49D7-42E6-A547-B921F3143A86}.Release|Any CPU.ActiveCfg = Release|Any CPU
	EndGlobalSection
	GlobalSection(SolutionProperties) = preSolution
		HideSolutionNode = FALSE
	EndGlobalSection
	GlobalSection(ExtensibilityGlobals) = postSolution
		SolutionGuid = {3FA0528C-4F94-412F-A18B-CE970F17597A}
	EndGlobalSection
EndGlobal
